
Microsoft Visual Studio Solution File, Format Version 12.00
# Visual Studio Version 17
VisualStudioVersion = 17.13.35919.96
MinimumVisualStudioVersion = 10.0.40219.1
Project("{FAE04EC0-301F-11D3-BF4B-00C04F79EFBC}") = "LINQ.Quantifiers", "LINQ.Quantifiers\LINQ.Quantifiers.csproj", "{42080B67-236A-4B6C-99FE-E87BA9004A9D}"
EndProject
Project("{FAE04EC0-301F-11D3-BF4B-00C04F79EFBC}") = "Repository", "Repository\Repository.csproj", "{7E7A0DCC-3A95-488B-93BE-E4C15408FC33}"
EndProject
Project("{FAE04EC0-301F-11D3-BF4B-00C04F79EFBC}") = "LINQ.Join", "LINQ.Join\LINQ.Join.csproj", "{6B3DA85C-D404-4D3E-9BE0-E45CFADD8F3D}"
EndProject
Project("{FAE04EC0-301F-11D3-BF4B-00C04F79EFBC}") = "LINQ.Grouping", "LINQ.Grouping\LINQ.Grouping.csproj", "{1A775276-313D-46E3-55A9-ACD536D37A8C}"
EndProject
Global
	GlobalSection(SolutionConfigurationPlatforms) = preSolution
		Debug|Any CPU = Debug|Any CPU
		Release|Any CPU = Release|Any CPU
	EndGlobalSection
	GlobalSection(ProjectConfigurationPlatforms) = postSolution
		{42080B67-236A-4B6C-99FE-E87BA9004A9D}.Debug|Any CPU.ActiveCfg = Debug|Any CPU
		{42080B67-236A-4B6C-99FE-E87BA9004A9D}.Debug|Any CPU.Build.0 = Debug|Any CPU
		{42080B67-236A-4B6C-99FE-E87BA9004A9D}.Release|Any CPU.ActiveCfg = Release|Any CPU
		{42080B67-236A-4B6C-99FE-E87BA9004A9D}.Release|Any CPU.Build.0 = Release|Any CPU
		{7E7A0DCC-3A95-488B-93BE-E4C15408FC33}.Debug|Any CPU.ActiveCfg = Debug|Any CPU
		{7E7A0DCC-3A95-488B-93BE-E4C15408FC33}.Debug|Any CPU.Build.0 = Debug|Any CPU
		{7E7A0DCC-3A95-488B-93BE-E4C15408FC33}.Release|Any CPU.ActiveCfg = Release|Any CPU
		{7E7A0DCC-3A95-488B-93BE-E4C15408FC33}.Release|Any CPU.Build.0 = Release|Any CPU
		{6B3DA85C-D404-4D3E-9BE0-E45CFADD8F3D}.Debug|Any CPU.ActiveCfg = Debug|Any CPU
		{6B3DA85C-D404-4D3E-9BE0-E45CFADD8F3D}.Debug|Any CPU.Build.0 = Debug|Any CPU
		{6B3DA85C-D404-4D3E-9BE0-E45CFADD8F3D}.Release|Any CPU.ActiveCfg = Release|Any CPU
		{6B3DA85C-D404-4D3E-9BE0-E45CFADD8F3D}.Release|Any CPU.Build.0 = Release|Any CPU
		{1A775276-313D-46E3-55A9-ACD536D37A8C}.Debug|Any CPU.ActiveCfg = Debug|Any CPU
		{1A775276-313D-46E3-55A9-ACD536D37A8C}.Debug|Any CPU.Build.0 = Debug|Any CPU
		{1A775276-313D-46E3-55A9-ACD536D37A8C}.Release|Any CPU.ActiveCfg = Release|Any CPU
		{1A775276-313D-46E3-55A9-ACD536D37A8C}.Release|Any CPU.Build.0 = Release|Any CPU
	EndGlobalSection
	GlobalSection(SolutionProperties) = preSolution
		HideSolutionNode = FALSE
	EndGlobalSection
	GlobalSection(ExtensibilityGlobals) = postSolution
		SolutionGuid = {F5EEA251-2178-4D92-8DFE-609495F10B1C}
	EndGlobalSection
EndGlobal
